
Microsoft Visual Studio Solution File, Format Version 12.00
# Visual Studio 2012
Project("{FAE04EC0-301F-11D3-BF4B-00C04F79EFBC}") = "TestSite2", "TestSite2\TestSite2.csproj", "{DCE65BB7-E709-48B5-91CA-704F047BF7CE}"
EndProject
Project("{FAE04EC0-301F-11D3-BF4B-00C04F79EFBC}") = "Data", "Data\Data.csproj", "{8D657964-5A15-48C2-8458-F54203B9F172}"
EndProject
Global
	GlobalSection(SolutionConfigurationPlatforms) = preSolution
		Debug|Any CPU = Debug|Any CPU
		Release|Any CPU = Release|Any CPU
	EndGlobalSection
	GlobalSection(ProjectConfigurationPlatforms) = postSolution
		{DCE65BB7-E709-48B5-91CA-704F047BF7CE}.Debug|Any CPU.ActiveCfg = Debug|Any CPU
		{DCE65BB7-E709-48B5-91CA-704F047BF7CE}.Debug|Any CPU.Build.0 = Debug|Any CPU
		{DCE65BB7-E709-48B5-91CA-704F047BF7CE}.Release|Any CPU.ActiveCfg = Release|Any CPU
		{DCE65BB7-E709-48B5-91CA-704F047BF7CE}.Release|Any CPU.Build.0 = Release|Any CPU
		{8D657964-5A15-48C2-8458-F54203B9F172}.Debug|Any CPU.ActiveCfg = Debug|Any CPU
		{8D657964-5A15-48C2-8458-F54203B9F172}.Debug|Any CPU.Build.0 = Debug|Any CPU
		{8D657964-5A15-48C2-8458-F54203B9F172}.Release|Any CPU.ActiveCfg = Release|Any CPU
		{8D657964-5A15-48C2-8458-F54203B9F172}.Release|Any CPU.Build.0 = Release|Any CPU
	EndGlobalSection
	GlobalSection(SolutionProperties) = preSolution
		HideSolutionNode = FALSE
	EndGlobalSection
EndGlobal
